
Microsoft Visual Studio Solution File, Format Version 12.00
# Visual Studio Version 17
VisualStudioVersion = 17.0.32112.339
MinimumVisualStudioVersion = 10.0.40219.1
Project("{FAE04EC0-301F-11D3-BF4B-00C04F79EFBC}") = "ProyectoPACSD", "ProyectoPACSD\ProyectoPACSD.csproj", "{B017126B-CE2D-426A-B33D-427496DC84F0}"
EndProject
Project("{2150E333-8FDC-42A3-9474-1A3956D46DE8}") = "View Layer", "View Layer", "{07329B70-2248-49AC-9341-ED6B4716D05F}"
EndProject
Project("{2150E333-8FDC-42A3-9474-1A3956D46DE8}") = "Bussiness Model Layer", "Bussiness Model Layer", "{E9A119DD-D111-4BD9-AD9E-A6A43E25A5C2}"
EndProject
Project("{2150E333-8FDC-42A3-9474-1A3956D46DE8}") = "Data Access Layer", "Data Access Layer", "{D50376BA-FB0C-4992-9D59-04FD7B30AB29}"
EndProject
Project("{FAE04EC0-301F-11D3-BF4B-00C04F79EFBC}") = "BML", "..\..\Bussiness Model Layer\BML\BML.csproj", "{A62CC479-D34F-467E-9402-76113E990B8C}"
EndProject
Project("{FAE04EC0-301F-11D3-BF4B-00C04F79EFBC}") = "DAL", "..\..\Data Access Layer\DAL\DAL.csproj", "{4ACED458-1E00-4AC5-9408-1B5CC569FFD1}"
EndProject
Global
	GlobalSection(SolutionConfigurationPlatforms) = preSolution
		Debug|Any CPU = Debug|Any CPU
		Release|Any CPU = Release|Any CPU
	EndGlobalSection
	GlobalSection(ProjectConfigurationPlatforms) = postSolution
		{B017126B-CE2D-426A-B33D-427496DC84F0}.Debug|Any CPU.ActiveCfg = Debug|Any CPU
		{B017126B-CE2D-426A-B33D-427496DC84F0}.Debug|Any CPU.Build.0 = Debug|Any CPU
		{B017126B-CE2D-426A-B33D-427496DC84F0}.Release|Any CPU.ActiveCfg = Release|Any CPU
		{B017126B-CE2D-426A-B33D-427496DC84F0}.Release|Any CPU.Build.0 = Release|Any CPU
		{A62CC479-D34F-467E-9402-76113E990B8C}.Debug|Any CPU.ActiveCfg = Debug|Any CPU
		{A62CC479-D34F-467E-9402-76113E990B8C}.Debug|Any CPU.Build.0 = Debug|Any CPU
		{A62CC479-D34F-467E-9402-76113E990B8C}.Release|Any CPU.ActiveCfg = Release|Any CPU
		{A62CC479-D34F-467E-9402-76113E990B8C}.Release|Any CPU.Build.0 = Release|Any CPU
		{4ACED458-1E00-4AC5-9408-1B5CC569FFD1}.Debug|Any CPU.ActiveCfg = Debug|Any CPU
		{4ACED458-1E00-4AC5-9408-1B5CC569FFD1}.Debug|Any CPU.Build.0 = Debug|Any CPU
		{4ACED458-1E00-4AC5-9408-1B5CC569FFD1}.Release|Any CPU.ActiveCfg = Release|Any CPU
		{4ACED458-1E00-4AC5-9408-1B5CC569FFD1}.Release|Any CPU.Build.0 = Release|Any CPU
	EndGlobalSection
	GlobalSection(SolutionProperties) = preSolution
		HideSolutionNode = FALSE
	EndGlobalSection
	GlobalSection(NestedProjects) = preSolution
		{B017126B-CE2D-426A-B33D-427496DC84F0} = {07329B70-2248-49AC-9341-ED6B4716D05F}
		{A62CC479-D34F-467E-9402-76113E990B8C} = {E9A119DD-D111-4BD9-AD9E-A6A43E25A5C2}
		{4ACED458-1E00-4AC5-9408-1B5CC569FFD1} = {D50376BA-FB0C-4992-9D59-04FD7B30AB29}
	EndGlobalSection
	GlobalSection(ExtensibilityGlobals) = postSolution
		SolutionGuid = {761EAAC7-5E97-495D-A84D-8597DD9C5CEC}
	EndGlobalSection
EndGlobal
